// !$*UTF8*$!
{
	archiveVersion = 1;
	classes = {
	};
	objectVersion = 46;
	objects = {

/* Begin PBXBuildFile section */
		A22334F61D0142440009DCD0 /* Assets.xcassets in Resources */ = {isa = PBXBuildFile; fileRef = A22334F51D0142440009DCD0 /* Assets.xcassets */; };
		A26D08B61D011E72005D2EEB /* AppDelegate.swift in Sources */ = {isa = PBXBuildFile; fileRef = A26D08B51D011E72005D2EEB /* AppDelegate.swift */; };
		A26D08C61D012EBB005D2EEB /* MainMenu.xib in Resources */ = {isa = PBXBuildFile; fileRef = A26D08C41D012EBB005D2EEB /* MainMenu.xib */; };
/* End PBXBuildFile section */

/* Begin PBXFileReference section */
		A22334F51D0142440009DCD0 /* Assets.xcassets */ = {isa = PBXFileReference; lastKnownFileType = folder.assetcatalog; path = Assets.xcassets; sourceTree = "<group>"; };
		A26D08B21D011E72005D2EEB /* siix.app */ = {isa = PBXFileReference; explicitFileType = wrapper.application; includeInIndex = 0; path = siix.app; sourceTree = BUILT_PRODUCTS_DIR; };
		A26D08B51D011E72005D2EEB /* AppDelegate.swift */ = {isa = PBXFileReference; lastKnownFileType = sourcecode.swift; path = AppDelegate.swift; sourceTree = "<group>"; };
		A26D08BC1D011E72005D2EEB /* Info.plist */ = {isa = PBXFileReference; lastKnownFileType = text.plist.xml; path = Info.plist; sourceTree = "<group>"; };
		A26D08C51D012EBB005D2EEB /* Base */ = {isa = PBXFileReference; lastKnownFileType = file.xib; name = Base; path = Base.lproj/MainMenu.xib; sourceTree = "<group>"; };
/* End PBXFileReference section */

/* Begin PBXFrameworksBuildPhase section */
		A26D08AF1D011E72005D2EEB /* Frameworks */ = {
			isa = PBXFrameworksBuildPhase;
			buildActionMask = 2147483647;
			files = (
			);
			runOnlyForDeploymentPostprocessing = 0;
		};
/* End PBXFrameworksBuildPhase section */

/* Begin PBXGroup section */
		A26D08A91D011E71005D2EEB = {
			isa = PBXGroup;
			children = (
				A26D08B41D011E72005D2EEB /* siix */,
				A26D08B31D011E72005D2EEB /* Products */,
			);
			sourceTree = "<group>";
		};
		A26D08B31D011E72005D2EEB /* Products */ = {
			isa = PBXGroup;
			children = (
				A26D08B21D011E72005D2EEB /* siix.app */,
			);
			name = Products;
			sourceTree = "<group>";
		};
		A26D08B41D011E72005D2EEB /* siix */ = {
			isa = PBXGroup;
			children = (
				A22334F51D0142440009DCD0 /* Assets.xcassets */,
				A26D08B51D011E72005D2EEB /* AppDelegate.swift */,
				A26D08BC1D011E72005D2EEB /* Info.plist */,
				A26D08C41D012EBB005D2EEB /* MainMenu.xib */,
			);
			path = siix;
			sourceTree = "<group>";
		};
/* End PBXGroup section */

/* Begin PBXNativeTarget section */
		A26D08B11D011E72005D2EEB /* siix */ = {
			isa = PBXNativeTarget;
			buildConfigurationList = A26D08BF1D011E72005D2EEB /* Build configuration list for PBXNativeTarget "siix" */;
			buildPhases = (
				A26D08AE1D011E72005D2EEB /* Sources */,
				A26D08AF1D011E72005D2EEB /* Frameworks */,
				A26D08B01D011E72005D2EEB /* Resources */,
			);
			buildRules = (
			);
			dependencies = (
			);
			name = siix;
			productName = siix;
			productReference = A26D08B21D011E72005D2EEB /* siix.app */;
			productType = "com.apple.product-type.application";
		};
/* End PBXNativeTarget section */

/* Begin PBXProject section */
		A26D08AA1D011E71005D2EEB /* Project object */ = {
			isa = PBXProject;
			attributes = {
				LastSwiftUpdateCheck = 0730;
				LastUpgradeCheck = 0730;
				ORGANIZATIONNAME = diqi;
				TargetAttributes = {
					A26D08B11D011E72005D2EEB = {
						CreatedOnToolsVersion = 7.3.1;
					};
				};
			};
			buildConfigurationList = A26D08AD1D011E71005D2EEB /* Build configuration list for PBXProject "siix" */;
			compatibilityVersion = "Xcode 3.2";
			developmentRegion = English;
			hasScannedForEncodings = 0;
			knownRegions = (
				en,
				Base,
			);
			mainGroup = A26D08A91D011E71005D2EEB;
			productRefGroup = A26D08B31D011E72005D2EEB /* Products */;
			projectDirPath = "";
			projectRoot = "";
			targets = (
				A26D08B11D011E72005D2EEB /* siix */,
			);
		};
/* End PBXProject section */

/* Begin PBXResourcesBuildPhase section */
		A26D08B01D011E72005D2EEB /* Resources */ = {
			isa = PBXResourcesBuildPhase;
			buildActionMask = 2147483647;
			files = (
				A22334F61D0142440009DCD0 /* Assets.xcassets in Resources */,
				A26D08C61D012EBB005D2EEB /* MainMenu.xib in Resources */,
			);
			runOnlyForDeploymentPostprocessing = 0;
		};
/* End PBXResourcesBuildPhase section */

/* Begin PBXSourcesBuildPhase section */
		A26D08AE1D011E72005D2EEB /* Sources */ = {
			isa = PBXSourcesBuildPhase;
			buildActionMask = 2147483647;
			files = (
				A26D08B61D011E72005D2EEB /* AppDelegate.swift in Sources */,
			);
			runOnlyForDeploymentPostprocessing = 0;
		};
/* End PBXSourcesBuildPhase section */

/* Begin PBXVariantGroup section */
		A26D08C41D012EBB005D2EEB /* MainMenu.xib */ = {
			isa = PBXVariantGroup;
			children = (
				A26D08C51D012EBB005D2EEB /* Base */,
			);
			name = MainMenu.xib;
			sourceTree = "<group>";
		};
/* End PBXVariantGroup section */

/* Begin XCBuildConfiguration section */
		A26D08BD1D011E72005D2EEB /* Debug */ = {
			isa = XCBuildConfiguration;
			buildSettings = {
				ALWAYS_SEARCH_USER_PATHS = NO;
				CLANG_ANALYZER_NONNULL = YES;
				CLANG_CXX_LANGUAGE_STANDARD = "gnu++0x";
				CLANG_CXX_LIBRARY = "libc++";
				CLANG_ENABLE_MODULES = YES;
				CLANG_ENABLE_OBJC_ARC = YES;
				CLANG_WARN_BOOL_CONVERSION = YES;
				CLANG_WARN_CONSTANT_CONVERSION = YES;
				CLANG_WARN_DIRECT_OBJC_ISA_USAGE = YES_ERROR;
				CLANG_WARN_EMPTY_BODY = YES;
				CLANG_WARN_ENUM_CONVERSION = YES;
				CLANG_WARN_INT_CONVERSION = YES;
				CLANG_WARN_OBJC_ROOT_CLASS = YES_ERROR;
				CLANG_WARN_UNREACHABLE_CODE = YES;
				CLANG_WARN__DUPLICATE_METHOD_MATCH = YES;
				CODE_SIGN_IDENTITY = "-";
				COPY_PHASE_STRIP = NO;
				DEBUG_INFORMATION_FORMAT = dwarf;
				ENABLE_STRICT_OBJC_MSGSEND = YES;
				ENABLE_TESTABILITY = YES;
				GCC_C_LANGUAGE_STANDARD = gnu99;
				GCC_DYNAMIC_NO_PIC = NO;
				GCC_NO_COMMON_BLOCKS = YES;
				GCC_OPTIMIZATION_LEVEL = 0;
				GCC_PREPROCESSOR_DEFINITIONS = (
					"DEBUG=1",
					"$(inherited)",
				);
				GCC_WARN_64_TO_32_BIT_CONVERSION = YES;
				GCC_WARN_ABOUT_RETURN_TYPE = YES_ERROR;
				GCC_WARN_UNDECLARED_SELECTOR = YES;
				GCC_WARN_UNINITIALIZED_AUTOS = YES_AGGRESSIVE;
				GCC_WARN_UNUSED_FUNCTION = YES;
				GCC_WARN_UNUSED_VARIABLE = YES;
				MACOSX_DEPLOYMENT_TARGET = 10.11;
				MTL_ENABLE_DEBUG_INFO = YES;
				ONLY_ACTIVE_ARCH = YES;
				SDKROOT = macosx;
				SWIFT_OPTIMIZATION_LEVEL = "-Onone";
			};
			name = Debug;
		};
		A26D08BE1D011E72005D2EEB /* Release */ = {
			isa = XCBuildConfiguration;
			buildSettings = {
				ALWAYS_SEARCH_USER_PATHS = NO;
				CLANG_ANALYZER_NONNULL = YES;
				CLANG_CXX_LANGUAGE_STANDARD = "gnu++0x";
				CLANG_CXX_LIBRARY = "libc++";
				CLANG_ENABLE_MODULES = YES;
				CLANG_ENABLE_OBJC_ARC = YES;
				CLANG_WARN_BOOL_CONVERSION = YES;
				CLANG_WARN_CONSTANT_CONVERSION = YES;
				CLANG_WARN_DIRECT_OBJC_ISA_USAGE = YES_ERROR;
				CLANG_WARN_EMPTY_BODY = YES;
				CLANG_WARN_ENUM_CONVERSION = YES;
				CLANG_WARN_INT_CONVERSION = YES;
				CLANG_WARN_OBJC_ROOT_CLASS = YES_ERROR;
				CLANG_WARN_UNREACHABLE_CODE = YES;
				CLANG_WARN__DUPLICATE_METHOD_MATCH = YES;
				CODE_SIGN_IDENTITY = "-";
				COPY_PHASE_STRIP = NO;
				DEBUG_INFORMATION_FORMAT = "dwarf-with-dsym";
				ENABLE_NS_ASSERTIONS = NO;
				ENABLE_STRICT_OBJC_MSGSEND = YES;
				GCC_C_LANGUAGE_STANDARD = gnu99;
				GCC_NO_COMMON_BLOCKS = YES;
				GCC_WARN_64_TO_32_BIT_CONVERSION = YES;
				GCC_WARN_ABOUT_RETURN_TYPE = YES_ERROR;
				GCC_WARN_UNDECLARED_SELECTOR = YES;
				GCC_WARN_UNINITIALIZED_AUTOS = YES_AGGRESSIVE;
				GCC_WARN_UNUSED_FUNCTION = YES;
				GCC_WARN_UNUSED_VARIABLE = YES;
				MACOSX_DEPLOYMENT_TARGET = 10.11;
				MTL_ENABLE_DEBUG_INFO = NO;
				SDKROOT = macosx;
			};
			name = Release;
		};
		A26D08C01D011E72005D2EEB /* Debug */ = {
			isa = XCBuildConfiguration;
			buildSettings = {
				ASSETCATALOG_COMPILER_APPICON_NAME = AppIcon;
				COMBINE_HIDPI_IMAGES = YES;
				INFOPLIST_FILE = siix/Info.plist;
				LD_RUNPATH_SEARCH_PATHS = "$(inherited) @executable_path/../Frameworks";
				PRODUCT_BUNDLE_IDENTIFIER = sh.diqi.siix;
				PRODUCT_MODULE_NAME = siix;
				PRODUCT_NAME = siix;
			};
			name = Debug;
		};
		A26D08C11D011E72005D2EEB /* Release */ = {
			isa = XCBuildConfiguration;
			buildSettings = {
				ASSETCATALOG_COMPILER_APPICON_NAME = AppIcon;
				COMBINE_HIDPI_IMAGES = YES;
				INFOPLIST_FILE = siix/Info.plist;
				LD_RUNPATH_SEARCH_PATHS = "$(inherited) @executable_path/../Frameworks";
				PRODUCT_BUNDLE_IDENTIFIER = sh.diqi.siix;
				PRODUCT_MODULE_NAME = siix;
				PRODUCT_NAME = siix;
			};
			name = Release;
		};
/* End XCBuildConfiguration section */

/* Begin XCConfigurationList section */
		A26D08AD1D011E71005D2EEB /* Build configuration list for PBXProject "siix" */ = {
			isa = XCConfigurationList;
			buildConfigurations = (
				A26D08BD1D011E72005D2EEB /* Debug */,
				A26D08BE1D011E72005D2EEB /* Release */,
			);
			defaultConfigurationIsVisible = 0;
			defaultConfigurationName = Release;
		};
		A26D08BF1D011E72005D2EEB /* Build configuration list for PBXNativeTarget "siix" */ = {
			isa = XCConfigurationList;
			buildConfigurations = (
				A26D08C01D011E72005D2EEB /* Debug */,
				A26D08C11D011E72005D2EEB /* Release */,
			);
			defaultConfigurationIsVisible = 0;
			defaultConfigurationName = Release;
		};
/* End XCConfigurationList section */
	};
	rootObject = A26D08AA1D011E71005D2EEB /* Project object */;
}
